// !$*UTF8*$!
{
	archiveVersion = 1;
	classes = {
	};
	objectVersion = 46;
	objects = {

/* Begin PBXBuildFile section */
		3C4EFC5F1A6C088200A71592 /* main.m in Sources */ = {isa = PBXBuildFile; fileRef = 3C4EFC5E1A6C088200A71592 /* main.m */; };
		3C4EFC621A6C088200A71592 /* AppDelegate.m in Sources */ = {isa = PBXBuildFile; fileRef = 3C4EFC611A6C088200A71592 /* AppDelegate.m */; };
		3C4EFC681A6C088200A71592 /* Main.storyboard in Resources */ = {isa = PBXBuildFile; fileRef = 3C4EFC661A6C088200A71592 /* Main.storyboard */; };
		3C4EFC6A1A6C088200A71592 /* Images.xcassets in Resources */ = {isa = PBXBuildFile; fileRef = 3C4EFC691A6C088200A71592 /* Images.xcassets */; };
		3C4EFC6D1A6C088200A71592 /* LaunchScreen.xib in Resources */ = {isa = PBXBuildFile; fileRef = 3C4EFC6B1A6C088200A71592 /* LaunchScreen.xib */; };
		3C4EFC791A6C088300A71592 /* TableViewTests.m in Sources */ = {isa = PBXBuildFile; fileRef = 3C4EFC781A6C088300A71592 /* TableViewTests.m */; };
		3C4EFC841A6C11C800A71592 /* HomeTable.m in Sources */ = {isa = PBXBuildFile; fileRef = 3C4EFC831A6C11C800A71592 /* HomeTable.m */; };
		3C4EFC881A6C142800A71592 /* cellOaxaca.m in Sources */ = {isa = PBXBuildFile; fileRef = 3C4EFC871A6C142800A71592 /* cellOaxaca.m */; };
		3C4EFC8C1A6C213C00A71592 /* number-1.jpg in Resources */ = {isa = PBXBuildFile; fileRef = 3C4EFC8A1A6C213C00A71592 /* number-1.jpg */; };
		3C4EFC8D1A6C213C00A71592 /* number-2.jpg in Resources */ = {isa = PBXBuildFile; fileRef = 3C4EFC8B1A6C213C00A71592 /* number-2.jpg */; };
/* End PBXBuildFile section */

/* Begin PBXContainerItemProxy section */
		3C4EFC731A6C088300A71592 /* PBXContainerItemProxy */ = {
			isa = PBXContainerItemProxy;
			containerPortal = 3C4EFC511A6C088200A71592 /* Project object */;
			proxyType = 1;
			remoteGlobalIDString = 3C4EFC581A6C088200A71592;
			remoteInfo = TableView;
		};
/* End PBXContainerItemProxy section */

/* Begin PBXFileReference section */
		3C4EFC591A6C088200A71592 /* TableView.app */ = {isa = PBXFileReference; explicitFileType = wrapper.application; includeInIndex = 0; path = TableView.app; sourceTree = BUILT_PRODUCTS_DIR; };
		3C4EFC5D1A6C088200A71592 /* Info.plist */ = {isa = PBXFileReference; lastKnownFileType = text.plist.xml; path = Info.plist; sourceTree = "<group>"; };
		3C4EFC5E1A6C088200A71592 /* main.m */ = {isa = PBXFileReference; lastKnownFileType = sourcecode.c.objc; path = main.m; sourceTree = "<group>"; };
		3C4EFC601A6C088200A71592 /* AppDelegate.h */ = {isa = PBXFileReference; lastKnownFileType = sourcecode.c.h; path = AppDelegate.h; sourceTree = "<group>"; };
		3C4EFC611A6C088200A71592 /* AppDelegate.m */ = {isa = PBXFileReference; lastKnownFileType = sourcecode.c.objc; path = AppDelegate.m; sourceTree = "<group>"; };
		3C4EFC671A6C088200A71592 /* Base */ = {isa = PBXFileReference; lastKnownFileType = file.storyboard; name = Base; path = Base.lproj/Main.storyboard; sourceTree = "<group>"; };
		3C4EFC691A6C088200A71592 /* Images.xcassets */ = {isa = PBXFileReference; lastKnownFileType = folder.assetcatalog; path = Images.xcassets; sourceTree = "<group>"; };
		3C4EFC6C1A6C088200A71592 /* Base */ = {isa = PBXFileReference; lastKnownFileType = file.xib; name = Base; path = Base.lproj/LaunchScreen.xib; sourceTree = "<group>"; };
		3C4EFC721A6C088300A71592 /* TableViewTests.xctest */ = {isa = PBXFileReference; explicitFileType = wrapper.cfbundle; includeInIndex = 0; path = TableViewTests.xctest; sourceTree = BUILT_PRODUCTS_DIR; };
		3C4EFC771A6C088300A71592 /* Info.plist */ = {isa = PBXFileReference; lastKnownFileType = text.plist.xml; path = Info.plist; sourceTree = "<group>"; };
		3C4EFC781A6C088300A71592 /* TableViewTests.m */ = {isa = PBXFileReference; lastKnownFileType = sourcecode.c.objc; path = TableViewTests.m; sourceTree = "<group>"; };
		3C4EFC821A6C11C800A71592 /* HomeTable.h */ = {isa = PBXFileReference; fileEncoding = 4; lastKnownFileType = sourcecode.c.h; path = HomeTable.h; sourceTree = "<group>"; };
		3C4EFC831A6C11C800A71592 /* HomeTable.m */ = {isa = PBXFileReference; fileEncoding = 4; lastKnownFileType = sourcecode.c.objc; path = HomeTable.m; sourceTree = "<group>"; };
		3C4EFC861A6C142800A71592 /* cellOaxaca.h */ = {isa = PBXFileReference; fileEncoding = 4; lastKnownFileType = sourcecode.c.h; name = cellOaxaca.h; path = TableView/cellOaxaca.h; sourceTree = "<group>"; };
		3C4EFC871A6C142800A71592 /* cellOaxaca.m */ = {isa = PBXFileReference; fileEncoding = 4; lastKnownFileType = sourcecode.c.objc; name = cellOaxaca.m; path = TableView/cellOaxaca.m; sourceTree = "<group>"; };
		3C4EFC8A1A6C213C00A71592 /* number-1.jpg */ = {isa = PBXFileReference; lastKnownFileType = image.jpeg; path = "number-1.jpg"; sourceTree = "<group>"; };
		3C4EFC8B1A6C213C00A71592 /* number-2.jpg */ = {isa = PBXFileReference; lastKnownFileType = image.jpeg; path = "number-2.jpg"; sourceTree = "<group>"; };
/* End PBXFileReference section */

/* Begin PBXFrameworksBuildPhase section */
		3C4EFC561A6C088200A71592 /* Frameworks */ = {
			isa = PBXFrameworksBuildPhase;
			buildActionMask = 2147483647;
			files = (
			);
			runOnlyForDeploymentPostprocessing = 0;
		};
		3C4EFC6F1A6C088300A71592 /* Frameworks */ = {
			isa = PBXFrameworksBuildPhase;
			buildActionMask = 2147483647;
			files = (
			);
			runOnlyForDeploymentPostprocessing = 0;
		};
/* End PBXFrameworksBuildPhase section */

/* Begin PBXGroup section */
		3C4EFC501A6C088200A71592 = {
			isa = PBXGroup;
			children = (
				3C4EFC891A6C213C00A71592 /* img */,
				3C4EFC851A6C13BE00A71592 /* Customized */,
				3C4EFC5B1A6C088200A71592 /* TableView */,
				3C4EFC751A6C088300A71592 /* TableViewTests */,
				3C4EFC5A1A6C088200A71592 /* Products */,
			);
			sourceTree = "<group>";
		};
		3C4EFC5A1A6C088200A71592 /* Products */ = {
			isa = PBXGroup;
			children = (
				3C4EFC591A6C088200A71592 /* TableView.app */,
				3C4EFC721A6C088300A71592 /* TableViewTests.xctest */,
			);
			name = Products;
			sourceTree = "<group>";
		};
		3C4EFC5B1A6C088200A71592 /* TableView */ = {
			isa = PBXGroup;
			children = (
				3C4EFC601A6C088200A71592 /* AppDelegate.h */,
				3C4EFC611A6C088200A71592 /* AppDelegate.m */,
				3C4EFC821A6C11C800A71592 /* HomeTable.h */,
				3C4EFC831A6C11C800A71592 /* HomeTable.m */,
				3C4EFC661A6C088200A71592 /* Main.storyboard */,
				3C4EFC691A6C088200A71592 /* Images.xcassets */,
				3C4EFC6B1A6C088200A71592 /* LaunchScreen.xib */,
				3C4EFC5C1A6C088200A71592 /* Supporting Files */,
			);
			path = TableView;
			sourceTree = "<group>";
		};
		3C4EFC5C1A6C088200A71592 /* Supporting Files */ = {
			isa = PBXGroup;
			children = (
				3C4EFC5D1A6C088200A71592 /* Info.plist */,
				3C4EFC5E1A6C088200A71592 /* main.m */,
			);
			name = "Supporting Files";
			sourceTree = "<group>";
		};
		3C4EFC751A6C088300A71592 /* TableViewTests */ = {
			isa = PBXGroup;
			children = (
				3C4EFC781A6C088300A71592 /* TableViewTests.m */,
				3C4EFC761A6C088300A71592 /* Supporting Files */,
			);
			path = TableViewTests;
			sourceTree = "<group>";
		};
		3C4EFC761A6C088300A71592 /* Supporting Files */ = {
			isa = PBXGroup;
			children = (
				3C4EFC771A6C088300A71592 /* Info.plist */,
			);
			name = "Supporting Files";
			sourceTree = "<group>";
		};
		3C4EFC851A6C13BE00A71592 /* Customized */ = {
			isa = PBXGroup;
			children = (
				3C4EFC861A6C142800A71592 /* cellOaxaca.h */,
				3C4EFC871A6C142800A71592 /* cellOaxaca.m */,
			);
			name = Customized;
			sourceTree = "<group>";
		};
		3C4EFC891A6C213C00A71592 /* img */ = {
			isa = PBXGroup;
			children = (
				3C4EFC8A1A6C213C00A71592 /* number-1.jpg */,
				3C4EFC8B1A6C213C00A71592 /* number-2.jpg */,
			);
			name = img;
			path = TableView/img;
			sourceTree = "<group>";
		};
/* End PBXGroup section */

/* Begin PBXNativeTarget section */
		3C4EFC581A6C088200A71592 /* TableView */ = {
			isa = PBXNativeTarget;
			buildConfigurationList = 3C4EFC7C1A6C088300A71592 /* Build configuration list for PBXNativeTarget "TableView" */;
			buildPhases = (
				3C4EFC551A6C088200A71592 /* Sources */,
				3C4EFC561A6C088200A71592 /* Frameworks */,
				3C4EFC571A6C088200A71592 /* Resources */,
			);
			buildRules = (
			);
			dependencies = (
			);
			name = TableView;
			productName = TableView;
			productReference = 3C4EFC591A6C088200A71592 /* TableView.app */;
			productType = "com.apple.product-type.application";
		};
		3C4EFC711A6C088300A71592 /* TableViewTests */ = {
			isa = PBXNativeTarget;
			buildConfigurationList = 3C4EFC7F1A6C088300A71592 /* Build configuration list for PBXNativeTarget "TableViewTests" */;
			buildPhases = (
				3C4EFC6E1A6C088300A71592 /* Sources */,
				3C4EFC6F1A6C088300A71592 /* Frameworks */,
				3C4EFC701A6C088300A71592 /* Resources */,
			);
			buildRules = (
			);
			dependencies = (
				3C4EFC741A6C088300A71592 /* PBXTargetDependency */,
			);
			name = TableViewTests;
			productName = TableViewTests;
			productReference = 3C4EFC721A6C088300A71592 /* TableViewTests.xctest */;
			productType = "com.apple.product-type.bundle.unit-test";
		};
/* End PBXNativeTarget section */

/* Begin PBXProject section */
		3C4EFC511A6C088200A71592 /* Project object */ = {
			isa = PBXProject;
			attributes = {
				LastUpgradeCheck = 0610;
				ORGANIZATIONNAME = Chiunti;
				TargetAttributes = {
					3C4EFC581A6C088200A71592 = {
						CreatedOnToolsVersion = 6.1.1;
					};
					3C4EFC711A6C088300A71592 = {
						CreatedOnToolsVersion = 6.1.1;
						TestTargetID = 3C4EFC581A6C088200A71592;
					};
				};
			};
			buildConfigurationList = 3C4EFC541A6C088200A71592 /* Build configuration list for PBXProject "TableView" */;
			compatibilityVersion = "Xcode 3.2";
			developmentRegion = English;
			hasScannedForEncodings = 0;
			knownRegions = (
				en,
				Base,
			);
			mainGroup = 3C4EFC501A6C088200A71592;
			productRefGroup = 3C4EFC5A1A6C088200A71592 /* Products */;
			projectDirPath = "";
			projectRoot = "";
			targets = (
				3C4EFC581A6C088200A71592 /* TableView */,
				3C4EFC711A6C088300A71592 /* TableViewTests */,
			);
		};
/* End PBXProject section */

/* Begin PBXResourcesBuildPhase section */
		3C4EFC571A6C088200A71592 /* Resources */ = {
			isa = PBXResourcesBuildPhase;
			buildActionMask = 2147483647;
			files = (
				3C4EFC8D1A6C213C00A71592 /* number-2.jpg in Resources */,
				3C4EFC681A6C088200A71592 /* Main.storyboard in Resources */,
				3C4EFC6D1A6C088200A71592 /* LaunchScreen.xib in Resources */,
				3C4EFC8C1A6C213C00A71592 /* number-1.jpg in Resources */,
				3C4EFC6A1A6C088200A71592 /* Images.xcassets in Resources */,
			);
			runOnlyForDeploymentPostprocessing = 0;
		};
		3C4EFC701A6C088300A71592 /* Resources */ = {
			isa = PBXResourcesBuildPhase;
			buildActionMask = 2147483647;
			files = (
			);
			runOnlyForDeploymentPostprocessing = 0;
		};
/* End PBXResourcesBuildPhase section */

/* Begin PBXSourcesBuildPhase section */
		3C4EFC551A6C088200A71592 /* Sources */ = {
			isa = PBXSourcesBuildPhase;
			buildActionMask = 2147483647;
			files = (
				3C4EFC881A6C142800A71592 /* cellOaxaca.m in Sources */,
				3C4EFC841A6C11C800A71592 /* HomeTable.m in Sources */,
				3C4EFC621A6C088200A71592 /* AppDelegate.m in Sources */,
				3C4EFC5F1A6C088200A71592 /* main.m in Sources */,
			);
			runOnlyForDeploymentPostprocessing = 0;
		};
		3C4EFC6E1A6C088300A71592 /* Sources */ = {
			isa = PBXSourcesBuildPhase;
			buildActionMask = 2147483647;
			files = (
				3C4EFC791A6C088300A71592 /* TableViewTests.m in Sources */,
			);
			runOnlyForDeploymentPostprocessing = 0;
		};
/* End PBXSourcesBuildPhase section */

/* Begin PBXTargetDependency section */
		3C4EFC741A6C088300A71592 /* PBXTargetDependency */ = {
			isa = PBXTargetDependency;
			target = 3C4EFC581A6C088200A71592 /* TableView */;
			targetProxy = 3C4EFC731A6C088300A71592 /* PBXContainerItemProxy */;
		};
/* End PBXTargetDependency section */

/* Begin PBXVariantGroup section */
		3C4EFC661A6C088200A71592 /* Main.storyboard */ = {
			isa = PBXVariantGroup;
			children = (
				3C4EFC671A6C088200A71592 /* Base */,
			);
			name = Main.storyboard;
			sourceTree = "<group>";
		};
		3C4EFC6B1A6C088200A71592 /* LaunchScreen.xib */ = {
			isa = PBXVariantGroup;
			children = (
				3C4EFC6C1A6C088200A71592 /* Base */,
			);
			name = LaunchScreen.xib;
			sourceTree = "<group>";
		};
/* End PBXVariantGroup section */

/* Begin XCBuildConfiguration section */
		3C4EFC7A1A6C088300A71592 /* Debug */ = {
			isa = XCBuildConfiguration;
			buildSettings = {
				ALWAYS_SEARCH_USER_PATHS = NO;
				CLANG_CXX_LANGUAGE_STANDARD = "gnu++0x";
				CLANG_CXX_LIBRARY = "libc++";
				CLANG_ENABLE_MODULES = YES;
				CLANG_ENABLE_OBJC_ARC = YES;
				CLANG_WARN_BOOL_CONVERSION = YES;
				CLANG_WARN_CONSTANT_CONVERSION = YES;
				CLANG_WARN_DIRECT_OBJC_ISA_USAGE = YES_ERROR;
				CLANG_WARN_EMPTY_BODY = YES;
				CLANG_WARN_ENUM_CONVERSION = YES;
				CLANG_WARN_INT_CONVERSION = YES;
				CLANG_WARN_OBJC_ROOT_CLASS = YES_ERROR;
				CLANG_WARN_UNREACHABLE_CODE = YES;
				CLANG_WARN__DUPLICATE_METHOD_MATCH = YES;
				"CODE_SIGN_IDENTITY[sdk=iphoneos*]" = "iPhone Developer";
				COPY_PHASE_STRIP = NO;
				ENABLE_STRICT_OBJC_MSGSEND = YES;
				GCC_C_LANGUAGE_STANDARD = gnu99;
				GCC_DYNAMIC_NO_PIC = NO;
				GCC_OPTIMIZATION_LEVEL = 0;
				GCC_PREPROCESSOR_DEFINITIONS = (
					"DEBUG=1",
					"$(inherited)",
				);
				GCC_SYMBOLS_PRIVATE_EXTERN = NO;
				GCC_WARN_64_TO_32_BIT_CONVERSION = YES;
				GCC_WARN_ABOUT_RETURN_TYPE = YES_ERROR;
				GCC_WARN_UNDECLARED_SELECTOR = YES;
				GCC_WARN_UNINITIALIZED_AUTOS = YES_AGGRESSIVE;
				GCC_WARN_UNUSED_FUNCTION = YES;
				GCC_WARN_UNUSED_VARIABLE = YES;
				IPHONEOS_DEPLOYMENT_TARGET = 8.1;
				MTL_ENABLE_DEBUG_INFO = YES;
				ONLY_ACTIVE_ARCH = YES;
				SDKROOT = iphoneos;
			};
			name = Debug;
		};
		3C4EFC7B1A6C088300A71592 /* Release */ = {
			isa = XCBuildConfiguration;
			buildSettings = {
				ALWAYS_SEARCH_USER_PATHS = NO;
				CLANG_CXX_LANGUAGE_STANDARD = "gnu++0x";
				CLANG_CXX_LIBRARY = "libc++";
				CLANG_ENABLE_MODULES = YES;
				CLANG_ENABLE_OBJC_ARC = YES;
				CLANG_WARN_BOOL_CONVERSION = YES;
				CLANG_WARN_CONSTANT_CONVERSION = YES;
				CLANG_WARN_DIRECT_OBJC_ISA_USAGE = YES_ERROR;
				CLANG_WARN_EMPTY_BODY = YES;
				CLANG_WARN_ENUM_CONVERSION = YES;
				CLANG_WARN_INT_CONVERSION = YES;
				CLANG_WARN_OBJC_ROOT_CLASS = YES_ERROR;
				CLANG_WARN_UNREACHABLE_CODE = YES;
				CLANG_WARN__DUPLICATE_METHOD_MATCH = YES;
				"CODE_SIGN_IDENTITY[sdk=iphoneos*]" = "iPhone Developer";
				COPY_PHASE_STRIP = YES;
				ENABLE_NS_ASSERTIONS = NO;
				ENABLE_STRICT_OBJC_MSGSEND = YES;
				GCC_C_LANGUAGE_STANDARD = gnu99;
				GCC_WARN_64_TO_32_BIT_CONVERSION = YES;
				GCC_WARN_ABOUT_RETURN_TYPE = YES_ERROR;
				GCC_WARN_UNDECLARED_SELECTOR = YES;
				GCC_WARN_UNINITIALIZED_AUTOS = YES_AGGRESSIVE;
				GCC_WARN_UNUSED_FUNCTION = YES;
				GCC_WARN_UNUSED_VARIABLE = YES;
				IPHONEOS_DEPLOYMENT_TARGET = 8.1;
				MTL_ENABLE_DEBUG_INFO = NO;
				SDKROOT = iphoneos;
				VALIDATE_PRODUCT = YES;
			};
			name = Release;
		};
		3C4EFC7D1A6C088300A71592 /* Debug */ = {
			isa = XCBuildConfiguration;
			buildSettings = {
				ASSETCATALOG_COMPILER_APPICON_NAME = AppIcon;
				INFOPLIST_FILE = TableView/Info.plist;
				LD_RUNPATH_SEARCH_PATHS = "$(inherited) @executable_path/Frameworks";
				PRODUCT_NAME = "$(TARGET_NAME)";
			};
			name = Debug;
		};
		3C4EFC7E1A6C088300A71592 /* Release */ = {
			isa = XCBuildConfiguration;
			buildSettings = {
				ASSETCATALOG_COMPILER_APPICON_NAME = AppIcon;
				INFOPLIST_FILE = TableView/Info.plist;
				LD_RUNPATH_SEARCH_PATHS = "$(inherited) @executable_path/Frameworks";
				PRODUCT_NAME = "$(TARGET_NAME)";
			};
			name = Release;
		};
		3C4EFC801A6C088300A71592 /* Debug */ = {
			isa = XCBuildConfiguration;
			buildSettings = {
				BUNDLE_LOADER = "$(TEST_HOST)";
				FRAMEWORK_SEARCH_PATHS = (
					"$(SDKROOT)/Developer/Library/Frameworks",
					"$(inherited)",
				);
				GCC_PREPROCESSOR_DEFINITIONS = (
					"DEBUG=1",
					"$(inherited)",
				);
				INFOPLIST_FILE = TableViewTests/Info.plist;
				LD_RUNPATH_SEARCH_PATHS = "$(inherited) @executable_path/Frameworks @loader_path/Frameworks";
				PRODUCT_NAME = "$(TARGET_NAME)";
				TEST_HOST = "$(BUILT_PRODUCTS_DIR)/TableView.app/TableView";
			};
			name = Debug;
		};
		3C4EFC811A6C088300A71592 /* Release */ = {
			isa = XCBuildConfiguration;
			buildSettings = {
				BUNDLE_LOADER = "$(TEST_HOST)";
				FRAMEWORK_SEARCH_PATHS = (
					"$(SDKROOT)/Developer/Library/Frameworks",
					"$(inherited)",
				);
				INFOPLIST_FILE = TableViewTests/Info.plist;
				LD_RUNPATH_SEARCH_PATHS = "$(inherited) @executable_path/Frameworks @loader_path/Frameworks";
				PRODUCT_NAME = "$(TARGET_NAME)";
				TEST_HOST = "$(BUILT_PRODUCTS_DIR)/TableView.app/TableView";
			};
			name = Release;
		};
/* End XCBuildConfiguration section */

/* Begin XCConfigurationList section */
		3C4EFC541A6C088200A71592 /* Build configuration list for PBXProject "TableView" */ = {
			isa = XCConfigurationList;
			buildConfigurations = (
				3C4EFC7A1A6C088300A71592 /* Debug */,
				3C4EFC7B1A6C088300A71592 /* Release */,
			);
			defaultConfigurationIsVisible = 0;
			defaultConfigurationName = Release;
		};
		3C4EFC7C1A6C088300A71592 /* Build configuration list for PBXNativeTarget "TableView" */ = {
			isa = XCConfigurationList;
			buildConfigurations = (
				3C4EFC7D1A6C088300A71592 /* Debug */,
				3C4EFC7E1A6C088300A71592 /* Release */,
			);
			defaultConfigurationIsVisible = 0;
		};
		3C4EFC7F1A6C088300A71592 /* Build configuration list for PBXNativeTarget "TableViewTests" */ = {
			isa = XCConfigurationList;
			buildConfigurations = (
				3C4EFC801A6C088300A71592 /* Debug */,
				3C4EFC811A6C088300A71592 /* Release */,
			);
			defaultConfigurationIsVisible = 0;
		};
/* End XCConfigurationList section */
	};
	rootObject = 3C4EFC511A6C088200A71592 /* Project object */;
}
